// !$*UTF8*$!
{
	archiveVersion = 1;
	classes = {
	};
	objectVersion = 77;
	objects = {

/* Begin PBXContainerItemProxy section */
		86C82F712D4DE1810083143D /* PBXContainerItemProxy */ = {
			isa = PBXContainerItemProxy;
			containerPortal = 86C82F582D4DE1800083143D /* Project object */;
			proxyType = 1;
			remoteGlobalIDString = 86C82F5F2D4DE1800083143D;
			remoteInfo = "Weather App Assgn";
		};
		86C82F7B2D4DE1810083143D /* PBXContainerItemProxy */ = {
			isa = PBXContainerItemProxy;
			containerPortal = 86C82F582D4DE1800083143D /* Project object */;
			proxyType = 1;
			remoteGlobalIDString = 86C82F5F2D4DE1800083143D;
			remoteInfo = "Weather App Assgn";
		};
/* End PBXContainerItemProxy section */

/* Begin PBXFileReference section */
		86C82F602D4DE1800083143D /* Weather App Assgn.app */ = {isa = PBXFileReference; explicitFileType = wrapper.application; includeInIndex = 0; path = "Weather App Assgn.app"; sourceTree = BUILT_PRODUCTS_DIR; };
		86C82F702D4DE1810083143D /* Weather App AssgnTests.xctest */ = {isa = PBXFileReference; explicitFileType = wrapper.cfbundle; includeInIndex = 0; path = "Weather App AssgnTests.xctest"; sourceTree = BUILT_PRODUCTS_DIR; };
		86C82F7A2D4DE1810083143D /* Weather App AssgnUITests.xctest */ = {isa = PBXFileReference; explicitFileType = wrapper.cfbundle; includeInIndex = 0; path = "Weather App AssgnUITests.xctest"; sourceTree = BUILT_PRODUCTS_DIR; };
/* End PBXFileReference section */

/* Begin PBXFileSystemSynchronizedRootGroup section */
		86C82F622D4DE1800083143D /* Weather App Assgn */ = {
			isa = PBXFileSystemSynchronizedRootGroup;
			path = "Weather App Assgn";
			sourceTree = "<group>";
		};
		86C82F732D4DE1810083143D /* Weather App AssgnTests */ = {
			isa = PBXFileSystemSynchronizedRootGroup;
			path = "Weather App AssgnTests";
			sourceTree = "<group>";
		};
		86C82F7D2D4DE1810083143D /* Weather App AssgnUITests */ = {
			isa = PBXFileSystemSynchronizedRootGroup;
			path = "Weather App AssgnUITests";
			sourceTree = "<group>";
		};
/* End PBXFileSystemSynchronizedRootGroup section */

/* Begin PBXFrameworksBuildPhase section */
		86C82F5D2D4DE1800083143D /* Frameworks */ = {
			isa = PBXFrameworksBuildPhase;
			buildActionMask = 2147483647;
			files = (
			);
			runOnlyForDeploymentPostprocessing = 0;
		};
		86C82F6D2D4DE1810083143D /* Frameworks */ = {
			isa = PBXFrameworksBuildPhase;
			buildActionMask = 2147483647;
			files = (
			);
			runOnlyForDeploymentPostprocessing = 0;
		};
		86C82F772D4DE1810083143D /* Frameworks */ = {
			isa = PBXFrameworksBuildPhase;
			buildActionMask = 2147483647;
			files = (
			);
			runOnlyForDeploymentPostprocessing = 0;
		};
/* End PBXFrameworksBuildPhase section */

/* Begin PBXGroup section */
		86C82F572D4DE1800083143D = {
			isa = PBXGroup;
			children = (
				86C82F622D4DE1800083143D /* Weather App Assgn */,
				86C82F732D4DE1810083143D /* Weather App AssgnTests */,
				86C82F7D2D4DE1810083143D /* Weather App AssgnUITests */,
				86C82F612D4DE1800083143D /* Products */,
			);
			sourceTree = "<group>";
		};
		86C82F612D4DE1800083143D /* Products */ = {
			isa = PBXGroup;
			children = (
				86C82F602D4DE1800083143D /* Weather App Assgn.app */,
				86C82F702D4DE1810083143D /* Weather App AssgnTests.xctest */,
				86C82F7A2D4DE1810083143D /* Weather App AssgnUITests.xctest */,
			);
			name = Products;
			sourceTree = "<group>";
		};
/* End PBXGroup section */

/* Begin PBXNativeTarget section */
		86C82F5F2D4DE1800083143D /* Weather App Assgn */ = {
			isa = PBXNativeTarget;
			buildConfigurationList = 86C82F842D4DE1810083143D /* Build configuration list for PBXNativeTarget "Weather App Assgn" */;
			buildPhases = (
				86C82F5C2D4DE1800083143D /* Sources */,
				86C82F5D2D4DE1800083143D /* Frameworks */,
				86C82F5E2D4DE1800083143D /* Resources */,
			);
			buildRules = (
			);
			dependencies = (
			);
			fileSystemSynchronizedGroups = (
				86C82F622D4DE1800083143D /* Weather App Assgn */,
			);
			name = "Weather App Assgn";
			packageProductDependencies = (
			);
			productName = "Weather App Assgn";
			productReference = 86C82F602D4DE1800083143D /* Weather App Assgn.app */;
			productType = "com.apple.product-type.application";
		};
		86C82F6F2D4DE1810083143D /* Weather App AssgnTests */ = {
			isa = PBXNativeTarget;
			buildConfigurationList = 86C82F872D4DE1810083143D /* Build configuration list for PBXNativeTarget "Weather App AssgnTests" */;
			buildPhases = (
				86C82F6C2D4DE1810083143D /* Sources */,
				86C82F6D2D4DE1810083143D /* Frameworks */,
				86C82F6E2D4DE1810083143D /* Resources */,
			);
			buildRules = (
			);
			dependencies = (
				86C82F722D4DE1810083143D /* PBXTargetDependency */,
			);
			fileSystemSynchronizedGroups = (
				86C82F732D4DE1810083143D /* Weather App AssgnTests */,
			);
			name = "Weather App AssgnTests";
			packageProductDependencies = (
			);
			productName = "Weather App AssgnTests";
			productReference = 86C82F702D4DE1810083143D /* Weather App AssgnTests.xctest */;
			productType = "com.apple.product-type.bundle.unit-test";
		};
		86C82F792D4DE1810083143D /* Weather App AssgnUITests */ = {
			isa = PBXNativeTarget;
			buildConfigurationList = 86C82F8A2D4DE1810083143D /* Build configuration list for PBXNativeTarget "Weather App AssgnUITests" */;
			buildPhases = (
				86C82F762D4DE1810083143D /* Sources */,
				86C82F772D4DE1810083143D /* Frameworks */,
				86C82F782D4DE1810083143D /* Resources */,
			);
			buildRules = (
			);
			dependencies = (
				86C82F7C2D4DE1810083143D /* PBXTargetDependency */,
			);
			fileSystemSynchronizedGroups = (
				86C82F7D2D4DE1810083143D /* Weather App AssgnUITests */,
			);
			name = "Weather App AssgnUITests";
			packageProductDependencies = (
			);
			productName = "Weather App AssgnUITests";
			productReference = 86C82F7A2D4DE1810083143D /* Weather App AssgnUITests.xctest */;
			productType = "com.apple.product-type.bundle.ui-testing";
		};
/* End PBXNativeTarget section */

/* Begin PBXProject section */
		86C82F582D4DE1800083143D /* Project object */ = {
			isa = PBXProject;
			attributes = {
				BuildIndependentTargetsInParallel = 1;
				LastSwiftUpdateCheck = 1620;
				LastUpgradeCheck = 1620;
				TargetAttributes = {
					86C82F5F2D4DE1800083143D = {
						CreatedOnToolsVersion = 16.2;
					};
					86C82F6F2D4DE1810083143D = {
						CreatedOnToolsVersion = 16.2;
						TestTargetID = 86C82F5F2D4DE1800083143D;
					};
					86C82F792D4DE1810083143D = {
						CreatedOnToolsVersion = 16.2;
						TestTargetID = 86C82F5F2D4DE1800083143D;
					};
				};
			};
			buildConfigurationList = 86C82F5B2D4DE1800083143D /* Build configuration list for PBXProject "Weather App Assgn" */;
			developmentRegion = en;
			hasScannedForEncodings = 0;
			knownRegions = (
				en,
				Base,
			);
			mainGroup = 86C82F572D4DE1800083143D;
			minimizedProjectReferenceProxies = 1;
			preferredProjectObjectVersion = 77;
			productRefGroup = 86C82F612D4DE1800083143D /* Products */;
			projectDirPath = "";
			projectRoot = "";
			targets = (
				86C82F5F2D4DE1800083143D /* Weather App Assgn */,
				86C82F6F2D4DE1810083143D /* Weather App AssgnTests */,
				86C82F792D4DE1810083143D /* Weather App AssgnUITests */,
			);
		};
/* End PBXProject section */

/* Begin PBXResourcesBuildPhase section */
		86C82F5E2D4DE1800083143D /* Resources */ = {
			isa = PBXResourcesBuildPhase;
			buildActionMask = 2147483647;
			files = (
			);
			runOnlyForDeploymentPostprocessing = 0;
		};
		86C82F6E2D4DE1810083143D /* Resources */ = {
			isa = PBXResourcesBuildPhase;
			buildActionMask = 2147483647;
			files = (
			);
			runOnlyForDeploymentPostprocessing = 0;
		};
		86C82F782D4DE1810083143D /* Resources */ = {
			isa = PBXResourcesBuildPhase;
			buildActionMask = 2147483647;
			files = (
			);
			runOnlyForDeploymentPostprocessing = 0;
		};
/* End PBXResourcesBuildPhase section */

/* Begin PBXSourcesBuildPhase section */
		86C82F5C2D4DE1800083143D /* Sources */ = {
			isa = PBXSourcesBuildPhase;
			buildActionMask = 2147483647;
			files = (
			);
			runOnlyForDeploymentPostprocessing = 0;
		};
		86C82F6C2D4DE1810083143D /* Sources */ = {
			isa = PBXSourcesBuildPhase;
			buildActionMask = 2147483647;
			files = (
			);
			runOnlyForDeploymentPostprocessing = 0;
		};
		86C82F762D4DE1810083143D /* Sources */ = {
			isa = PBXSourcesBuildPhase;
			buildActionMask = 2147483647;
			files = (
			);
			runOnlyForDeploymentPostprocessing = 0;
		};
/* End PBXSourcesBuildPhase section */

/* Begin PBXTargetDependency section */
		86C82F722D4DE1810083143D /* PBXTargetDependency */ = {
			isa = PBXTargetDependency;
			target = 86C82F5F2D4DE1800083143D /* Weather App Assgn */;
			targetProxy = 86C82F712D4DE1810083143D /* PBXContainerItemProxy */;
		};
		86C82F7C2D4DE1810083143D /* PBXTargetDependency */ = {
			isa = PBXTargetDependency;
			target = 86C82F5F2D4DE1800083143D /* Weather App Assgn */;
			targetProxy = 86C82F7B2D4DE1810083143D /* PBXContainerItemProxy */;
		};
/* End PBXTargetDependency section */

/* Begin XCBuildConfiguration section */
		86C82F822D4DE1810083143D /* Debug */ = {
			isa = XCBuildConfiguration;
			buildSettings = {
				ALWAYS_SEARCH_USER_PATHS = NO;
				ASSETCATALOG_COMPILER_GENERATE_SWIFT_ASSET_SYMBOL_EXTENSIONS = YES;
				CLANG_ANALYZER_NONNULL = YES;
				CLANG_ANALYZER_NUMBER_OBJECT_CONVERSION = YES_AGGRESSIVE;
				CLANG_CXX_LANGUAGE_STANDARD = "gnu++20";
				CLANG_ENABLE_MODULES = YES;
				CLANG_ENABLE_OBJC_ARC = YES;
				CLANG_ENABLE_OBJC_WEAK = YES;
				CLANG_WARN_BLOCK_CAPTURE_AUTORELEASING = YES;
				CLANG_WARN_BOOL_CONVERSION = YES;
				CLANG_WARN_COMMA = YES;
				CLANG_WARN_CONSTANT_CONVERSION = YES;
				CLANG_WARN_DEPRECATED_OBJC_IMPLEMENTATIONS = YES;
				CLANG_WARN_DIRECT_OBJC_ISA_USAGE = YES_ERROR;
				CLANG_WARN_DOCUMENTATION_COMMENTS = YES;
				CLANG_WARN_EMPTY_BODY = YES;
				CLANG_WARN_ENUM_CONVERSION = YES;
				CLANG_WARN_INFINITE_RECURSION = YES;
				CLANG_WARN_INT_CONVERSION = YES;
				CLANG_WARN_NON_LITERAL_NULL_CONVERSION = YES;
				CLANG_WARN_OBJC_IMPLICIT_RETAIN_SELF = YES;
				CLANG_WARN_OBJC_LITERAL_CONVERSION = YES;
				CLANG_WARN_OBJC_ROOT_CLASS = YES_ERROR;
				CLANG_WARN_QUOTED_INCLUDE_IN_FRAMEWORK_HEADER = YES;
				CLANG_WARN_RANGE_LOOP_ANALYSIS = YES;
				CLANG_WARN_STRICT_PROTOTYPES = YES;
				CLANG_WARN_SUSPICIOUS_MOVE = YES;
				CLANG_WARN_UNGUARDED_AVAILABILITY = YES_AGGRESSIVE;
				CLANG_WARN_UNREACHABLE_CODE = YES;
				CLANG_WARN__DUPLICATE_METHOD_MATCH = YES;
				COPY_PHASE_STRIP = NO;
				DEBUG_INFORMATION_FORMAT = dwarf;
				ENABLE_STRICT_OBJC_MSGSEND = YES;
				ENABLE_TESTABILITY = YES;
				ENABLE_USER_SCRIPT_SANDBOXING = YES;
				GCC_C_LANGUAGE_STANDARD = gnu17;
				GCC_DYNAMIC_NO_PIC = NO;
				GCC_NO_COMMON_BLOCKS = YES;
				GCC_OPTIMIZATION_LEVEL = 0;
				GCC_PREPROCESSOR_DEFINITIONS = (
					"DEBUG=1",
					"$(inherited)",
				);
				GCC_WARN_64_TO_32_BIT_CONVERSION = YES;
				GCC_WARN_ABOUT_RETURN_TYPE = YES_ERROR;
				GCC_WARN_UNDECLARED_SELECTOR = YES;
				GCC_WARN_UNINITIALIZED_AUTOS = YES_AGGRESSIVE;
				GCC_WARN_UNUSED_FUNCTION = YES;
				GCC_WARN_UNUSED_VARIABLE = YES;
				IPHONEOS_DEPLOYMENT_TARGET = 18.2;
				LOCALIZATION_PREFERS_STRING_CATALOGS = YES;
				MTL_ENABLE_DEBUG_INFO = INCLUDE_SOURCE;
				MTL_FAST_MATH = YES;
				ONLY_ACTIVE_ARCH = YES;
				SDKROOT = iphoneos;
				SWIFT_ACTIVE_COMPILATION_CONDITIONS = "DEBUG $(inherited)";
				SWIFT_OPTIMIZATION_LEVEL = "-Onone";
			};
			name = Debug;
		};
		86C82F832D4DE1810083143D /* Release */ = {
			isa = XCBuildConfiguration;
			buildSettings = {
				ALWAYS_SEARCH_USER_PATHS = NO;
				ASSETCATALOG_COMPILER_GENERATE_SWIFT_ASSET_SYMBOL_EXTENSIONS = YES;
				CLANG_ANALYZER_NONNULL = YES;
				CLANG_ANALYZER_NUMBER_OBJECT_CONVERSION = YES_AGGRESSIVE;
				CLANG_CXX_LANGUAGE_STANDARD = "gnu++20";
				CLANG_ENABLE_MODULES = YES;
				CLANG_ENABLE_OBJC_ARC = YES;
				CLANG_ENABLE_OBJC_WEAK = YES;
				CLANG_WARN_BLOCK_CAPTURE_AUTORELEASING = YES;
				CLANG_WARN_BOOL_CONVERSION = YES;
				CLANG_WARN_COMMA = YES;
				CLANG_WARN_CONSTANT_CONVERSION = YES;
				CLANG_WARN_DEPRECATED_OBJC_IMPLEMENTATIONS = YES;
				CLANG_WARN_DIRECT_OBJC_ISA_USAGE = YES_ERROR;
				CLANG_WARN_DOCUMENTATION_COMMENTS = YES;
				CLANG_WARN_EMPTY_BODY = YES;
				CLANG_WARN_ENUM_CONVERSION = YES;
				CLANG_WARN_INFINITE_RECURSION = YES;
				CLANG_WARN_INT_CONVERSION = YES;
				CLANG_WARN_NON_LITERAL_NULL_CONVERSION = YES;
				CLANG_WARN_OBJC_IMPLICIT_RETAIN_SELF = YES;
				CLANG_WARN_OBJC_LITERAL_CONVERSION = YES;
				CLANG_WARN_OBJC_ROOT_CLASS = YES_ERROR;
				CLANG_WARN_QUOTED_INCLUDE_IN_FRAMEWORK_HEADER = YES;
				CLANG_WARN_RANGE_LOOP_ANALYSIS = YES;
				CLANG_WARN_STRICT_PROTOTYPES = YES;
				CLANG_WARN_SUSPICIOUS_MOVE = YES;
				CLANG_WARN_UNGUARDED_AVAILABILITY = YES_AGGRESSIVE;
				CLANG_WARN_UNREACHABLE_CODE = YES;
				CLANG_WARN__DUPLICATE_METHOD_MATCH = YES;
				COPY_PHASE_STRIP = NO;
				DEBUG_INFORMATION_FORMAT = "dwarf-with-dsym";
				ENABLE_NS_ASSERTIONS = NO;
				ENABLE_STRICT_OBJC_MSGSEND = YES;
				ENABLE_USER_SCRIPT_SANDBOXING = YES;
				GCC_C_LANGUAGE_STANDARD = gnu17;
				GCC_NO_COMMON_BLOCKS = YES;
				GCC_WARN_64_TO_32_BIT_CONVERSION = YES;
				GCC_WARN_ABOUT_RETURN_TYPE = YES_ERROR;
				GCC_WARN_UNDECLARED_SELECTOR = YES;
				GCC_WARN_UNINITIALIZED_AUTOS = YES_AGGRESSIVE;
				GCC_WARN_UNUSED_FUNCTION = YES;
				GCC_WARN_UNUSED_VARIABLE = YES;
				IPHONEOS_DEPLOYMENT_TARGET = 18.2;
				LOCALIZATION_PREFERS_STRING_CATALOGS = YES;
				MTL_ENABLE_DEBUG_INFO = NO;
				MTL_FAST_MATH = YES;
				SDKROOT = iphoneos;
				SWIFT_COMPILATION_MODE = wholemodule;
				VALIDATE_PRODUCT = YES;
			};
			name = Release;
		};
		86C82F852D4DE1810083143D /* Debug */ = {
			isa = XCBuildConfiguration;
			buildSettings = {
				ASSETCATALOG_COMPILER_APPICON_NAME = AppIcon;
				ASSETCATALOG_COMPILER_GLOBAL_ACCENT_COLOR_NAME = AccentColor;
				CODE_SIGN_STYLE = Automatic;
				CURRENT_PROJECT_VERSION = 1;
				DEVELOPMENT_ASSET_PATHS = "\"Weather App Assgn/Preview Content\"";
				ENABLE_PREVIEWS = YES;
				GENERATE_INFOPLIST_FILE = YES;
				INFOPLIST_KEY_UIApplicationSceneManifest_Generation = YES;
				INFOPLIST_KEY_UIApplicationSupportsIndirectInputEvents = YES;
				INFOPLIST_KEY_UILaunchScreen_Generation = YES;
				INFOPLIST_KEY_UISupportedInterfaceOrientations_iPad = "UIInterfaceOrientationPortrait UIInterfaceOrientationPortraitUpsideDown UIInterfaceOrientationLandscapeLeft UIInterfaceOrientationLandscapeRight";
				INFOPLIST_KEY_UISupportedInterfaceOrientations_iPhone = "UIInterfaceOrientationPortrait UIInterfaceOrientationLandscapeLeft UIInterfaceOrientationLandscapeRight";
				LD_RUNPATH_SEARCH_PATHS = (
					"$(inherited)",
					"@executable_path/Frameworks",
				);
				MARKETING_VERSION = 1.0;
				PRODUCT_BUNDLE_IDENTIFIER = "com.mayank.Weather-App-Assgn";
				PRODUCT_NAME = "$(TARGET_NAME)";
				SWIFT_EMIT_LOC_STRINGS = YES;
				SWIFT_VERSION = 5.0;
				TARGETED_DEVICE_FAMILY = "1,2";
			};
			name = Debug;
		};
		86C82F862D4DE1810083143D /* Release */ = {
			isa = XCBuildConfiguration;
			buildSettings = {
				ASSETCATALOG_COMPILER_APPICON_NAME = AppIcon;
				ASSETCATALOG_COMPILER_GLOBAL_ACCENT_COLOR_NAME = AccentColor;
				CODE_SIGN_STYLE = Automatic;
				CURRENT_PROJECT_VERSION = 1;
				DEVELOPMENT_ASSET_PATHS = "\"Weather App Assgn/Preview Content\"";
				ENABLE_PREVIEWS = YES;
				GENERATE_INFOPLIST_FILE = YES;
				INFOPLIST_KEY_UIApplicationSceneManifest_Generation = YES;
				INFOPLIST_KEY_UIApplicationSupportsIndirectInputEvents = YES;
				INFOPLIST_KEY_UILaunchScreen_Generation = YES;
				INFOPLIST_KEY_UISupportedInterfaceOrientations_iPad = "UIInterfaceOrientationPortrait UIInterfaceOrientationPortraitUpsideDown UIInterfaceOrientationLandscapeLeft UIInterfaceOrientationLandscapeRight";
				INFOPLIST_KEY_UISupportedInterfaceOrientations_iPhone = "UIInterfaceOrientationPortrait UIInterfaceOrientationLandscapeLeft UIInterfaceOrientationLandscapeRight";
				LD_RUNPATH_SEARCH_PATHS = (
					"$(inherited)",
					"@executable_path/Frameworks",
				);
				MARKETING_VERSION = 1.0;
				PRODUCT_BUNDLE_IDENTIFIER = "com.mayank.Weather-App-Assgn";
				PRODUCT_NAME = "$(TARGET_NAME)";
				SWIFT_EMIT_LOC_STRINGS = YES;
				SWIFT_VERSION = 5.0;
				TARGETED_DEVICE_FAMILY = "1,2";
			};
			name = Release;
		};
		86C82F882D4DE1810083143D /* Debug */ = {
			isa = XCBuildConfiguration;
			buildSettings = {
				BUNDLE_LOADER = "$(TEST_HOST)";
				CODE_SIGN_STYLE = Automatic;
				CURRENT_PROJECT_VERSION = 1;
				GENERATE_INFOPLIST_FILE = YES;
				IPHONEOS_DEPLOYMENT_TARGET = 18.2;
				MARKETING_VERSION = 1.0;
				PRODUCT_BUNDLE_IDENTIFIER = "com.mayank.Weather-App-AssgnTests";
				PRODUCT_NAME = "$(TARGET_NAME)";
				SWIFT_EMIT_LOC_STRINGS = NO;
				SWIFT_VERSION = 5.0;
				TARGETED_DEVICE_FAMILY = "1,2";
				TEST_HOST = "$(BUILT_PRODUCTS_DIR)/Weather App Assgn.app/$(BUNDLE_EXECUTABLE_FOLDER_PATH)/Weather App Assgn";
			};
			name = Debug;
		};
		86C82F892D4DE1810083143D /* Release */ = {
			isa = XCBuildConfiguration;
			buildSettings = {
				BUNDLE_LOADER = "$(TEST_HOST)";
				CODE_SIGN_STYLE = Automatic;
				CURRENT_PROJECT_VERSION = 1;
				GENERATE_INFOPLIST_FILE = YES;
				IPHONEOS_DEPLOYMENT_TARGET = 18.2;
				MARKETING_VERSION = 1.0;
				PRODUCT_BUNDLE_IDENTIFIER = "com.mayank.Weather-App-AssgnTests";
				PRODUCT_NAME = "$(TARGET_NAME)";
				SWIFT_EMIT_LOC_STRINGS = NO;
				SWIFT_VERSION = 5.0;
				TARGETED_DEVICE_FAMILY = "1,2";
				TEST_HOST = "$(BUILT_PRODUCTS_DIR)/Weather App Assgn.app/$(BUNDLE_EXECUTABLE_FOLDER_PATH)/Weather App Assgn";
			};
			name = Release;
		};
		86C82F8B2D4DE1810083143D /* Debug */ = {
			isa = XCBuildConfiguration;
			buildSettings = {
				CODE_SIGN_STYLE = Automatic;
				CURRENT_PROJECT_VERSION = 1;
				GENERATE_INFOPLIST_FILE = YES;
				MARKETING_VERSION = 1.0;
				PRODUCT_BUNDLE_IDENTIFIER = "com.mayank.Weather-App-AssgnUITests";
				PRODUCT_NAME = "$(TARGET_NAME)";
				SWIFT_EMIT_LOC_STRINGS = NO;
				SWIFT_VERSION = 5.0;
				TARGETED_DEVICE_FAMILY = "1,2";
				TEST_TARGET_NAME = "Weather App Assgn";
			};
			name = Debug;
		};
		86C82F8C2D4DE1810083143D /* Release */ = {
			isa = XCBuildConfiguration;
			buildSettings = {
				CODE_SIGN_STYLE = Automatic;
				CURRENT_PROJECT_VERSION = 1;
				GENERATE_INFOPLIST_FILE = YES;
				MARKETING_VERSION = 1.0;
				PRODUCT_BUNDLE_IDENTIFIER = "com.mayank.Weather-App-AssgnUITests";
				PRODUCT_NAME = "$(TARGET_NAME)";
				SWIFT_EMIT_LOC_STRINGS = NO;
				SWIFT_VERSION = 5.0;
				TARGETED_DEVICE_FAMILY = "1,2";
				TEST_TARGET_NAME = "Weather App Assgn";
			};
			name = Release;
		};
/* End XCBuildConfiguration section */

/* Begin XCConfigurationList section */
		86C82F5B2D4DE1800083143D /* Build configuration list for PBXProject "Weather App Assgn" */ = {
			isa = XCConfigurationList;
			buildConfigurations = (
				86C82F822D4DE1810083143D /* Debug */,
				86C82F832D4DE1810083143D /* Release */,
			);
			defaultConfigurationIsVisible = 0;
			defaultConfigurationName = Release;
		};
		86C82F842D4DE1810083143D /* Build configuration list for PBXNativeTarget "Weather App Assgn" */ = {
			isa = XCConfigurationList;
			buildConfigurations = (
				86C82F852D4DE1810083143D /* Debug */,
				86C82F862D4DE1810083143D /* Release */,
			);
			defaultConfigurationIsVisible = 0;
			defaultConfigurationName = Release;
		};
		86C82F872D4DE1810083143D /* Build configuration list for PBXNativeTarget "Weather App AssgnTests" */ = {
			isa = XCConfigurationList;
			buildConfigurations = (
				86C82F882D4DE1810083143D /* Debug */,
				86C82F892D4DE1810083143D /* Release */,
			);
			defaultConfigurationIsVisible = 0;
			defaultConfigurationName = Release;
		};
		86C82F8A2D4DE1810083143D /* Build configuration list for PBXNativeTarget "Weather App AssgnUITests" */ = {
			isa = XCConfigurationList;
			buildConfigurations = (
				86C82F8B2D4DE1810083143D /* Debug */,
				86C82F8C2D4DE1810083143D /* Release */,
			);
			defaultConfigurationIsVisible = 0;
			defaultConfigurationName = Release;
		};
/* End XCConfigurationList section */
	};
	rootObject = 86C82F582D4DE1800083143D /* Project object */;
}
